
Microsoft Visual Studio Solution File, Format Version 12.00
# Visual Studio Version 17
VisualStudioVersion = 17.4.33403.182
MinimumVisualStudioVersion = 10.0.40219.1
Project("{9A19103F-16F7-4668-BE54-9A1E7A4F7556}") = "WSVenta", "WSVenta\WSVenta.csproj", "{4A909237-8BD0-496B-BE5A-1551A9C1BA21}"
EndProject
Global
	GlobalSection(SolutionConfigurationPlatforms) = preSolution
		Debug|Any CPU = Debug|Any CPU
		Release|Any CPU = Release|Any CPU
	EndGlobalSection
	GlobalSection(ProjectConfigurationPlatforms) = postSolution
		{4A909237-8BD0-496B-BE5A-1551A9C1BA21}.Debug|Any CPU.ActiveCfg = Debug|Any CPU
		{4A909237-8BD0-496B-BE5A-1551A9C1BA21}.Debug|Any CPU.Build.0 = Debug|Any CPU
		{4A909237-8BD0-496B-BE5A-1551A9C1BA21}.Release|Any CPU.ActiveCfg = Release|Any CPU
		{4A909237-8BD0-496B-BE5A-1551A9C1BA21}.Release|Any CPU.Build.0 = Release|Any CPU
	EndGlobalSection
	GlobalSection(SolutionProperties) = preSolution
		HideSolutionNode = FALSE
	EndGlobalSection
	GlobalSection(ExtensibilityGlobals) = postSolution
		SolutionGuid = {52268AA3-BCD7-46D7-9638-352A01A9D1E7}
	EndGlobalSection
EndGlobal
